
Microsoft Visual Studio Solution File, Format Version 12.00
# Visual Studio Version 17
VisualStudioVersion = 17.3.32825.248
MinimumVisualStudioVersion = 10.0.40219.1
Project("{E24C65DC-7377-472B-9ABA-BC803B73C61A}") = "Assignment1WCF", "Assignment1WCF\", "{2BB7E719-03D7-494C-BFBB-EB57FBD80484}"
	ProjectSection(WebsiteProperties) = preProject
		TargetFrameworkMoniker = ".NETFramework,Version%3Dv4.8"
		Debug.AspNetCompiler.VirtualPath = "/localhost_36295"
		Debug.AspNetCompiler.PhysicalPath = "Assignment1WCF\"
		Debug.AspNetCompiler.TargetPath = "PrecompiledWeb\localhost_36295\"
		Debug.AspNetCompiler.Updateable = "true"
		Debug.AspNetCompiler.ForceOverwrite = "true"
		Debug.AspNetCompiler.FixedNames = "false"
		Debug.AspNetCompiler.Debug = "True"
		Release.AspNetCompiler.VirtualPath = "/localhost_36295"
		Release.AspNetCompiler.PhysicalPath = "Assignment1WCF\"
		Release.AspNetCompiler.TargetPath = "PrecompiledWeb\localhost_36295\"
		Release.AspNetCompiler.Updateable = "true"
		Release.AspNetCompiler.ForceOverwrite = "true"
		Release.AspNetCompiler.FixedNames = "false"
		Release.AspNetCompiler.Debug = "False"
		VWDPort = "36295"
		SlnRelativePath = "Assignment1WCF\"
		DefaultWebSiteLanguage = "Visual C#"
	EndProjectSection
EndProject
Project("{FAE04EC0-301F-11D3-BF4B-00C04F79EFBC}") = "Assignment1Console", "Assignment1Console\Assignment1Console.csproj", "{FDC990C1-D2EB-4281-9933-F72218E04597}"
	ProjectSection(ProjectDependencies) = postProject
		{2BB7E719-03D7-494C-BFBB-EB57FBD80484} = {2BB7E719-03D7-494C-BFBB-EB57FBD80484}
	EndProjectSection
EndProject
Project("{FAE04EC0-301F-11D3-BF4B-00C04F79EFBC}") = "Assignment1WcfService", "Assignment1WcfService\Assignment1WcfService.csproj", "{B4855B06-D663-4250-97A7-3834CE64643F}"
EndProject
Global
	GlobalSection(SolutionConfigurationPlatforms) = preSolution
		Debug|Any CPU = Debug|Any CPU
		Release|Any CPU = Release|Any CPU
	EndGlobalSection
	GlobalSection(ProjectConfigurationPlatforms) = postSolution
		{2BB7E719-03D7-494C-BFBB-EB57FBD80484}.Debug|Any CPU.ActiveCfg = Debug|Any CPU
		{2BB7E719-03D7-494C-BFBB-EB57FBD80484}.Debug|Any CPU.Build.0 = Debug|Any CPU
		{2BB7E719-03D7-494C-BFBB-EB57FBD80484}.Release|Any CPU.ActiveCfg = Debug|Any CPU
		{2BB7E719-03D7-494C-BFBB-EB57FBD80484}.Release|Any CPU.Build.0 = Debug|Any CPU
		{FDC990C1-D2EB-4281-9933-F72218E04597}.Debug|Any CPU.ActiveCfg = Debug|Any CPU
		{FDC990C1-D2EB-4281-9933-F72218E04597}.Debug|Any CPU.Build.0 = Debug|Any CPU
		{FDC990C1-D2EB-4281-9933-F72218E04597}.Release|Any CPU.ActiveCfg = Release|Any CPU
		{FDC990C1-D2EB-4281-9933-F72218E04597}.Release|Any CPU.Build.0 = Release|Any CPU
		{B4855B06-D663-4250-97A7-3834CE64643F}.Debug|Any CPU.ActiveCfg = Debug|Any CPU
		{B4855B06-D663-4250-97A7-3834CE64643F}.Debug|Any CPU.Build.0 = Debug|Any CPU
		{B4855B06-D663-4250-97A7-3834CE64643F}.Release|Any CPU.ActiveCfg = Release|Any CPU
		{B4855B06-D663-4250-97A7-3834CE64643F}.Release|Any CPU.Build.0 = Release|Any CPU
	EndGlobalSection
	GlobalSection(SolutionProperties) = preSolution
		HideSolutionNode = FALSE
	EndGlobalSection
	GlobalSection(ExtensibilityGlobals) = postSolution
		SolutionGuid = {3E5163B1-82D9-4597-B015-AF72C3C771BF}
	EndGlobalSection
EndGlobal
